
Microsoft Visual Studio Solution File, Format Version 12.00
# Visual Studio Version 16
VisualStudioVersion = 16.0.31410.357
MinimumVisualStudioVersion = 10.0.40219.1
Project("{9A19103F-16F7-4668-BE54-9A1E7A4F7556}") = "IdentityWithMariaDB", "IdentityWithMariaDB\IdentityWithMariaDB.csproj", "{43651AC8-750F-4574-9890-A6697448A9B0}"
EndProject
Project("{FAE04EC0-301F-11D3-BF4B-00C04F79EFBC}") = "DBMigration", "DBMigration\DBMigration.csproj", "{5AED76F4-DC9E-41BB-AE0A-F29B53BA726A}"
EndProject
Global
	GlobalSection(SolutionConfigurationPlatforms) = preSolution
		Debug|Any CPU = Debug|Any CPU
		Release|Any CPU = Release|Any CPU
	EndGlobalSection
	GlobalSection(ProjectConfigurationPlatforms) = postSolution
		{43651AC8-750F-4574-9890-A6697448A9B0}.Debug|Any CPU.ActiveCfg = Debug|Any CPU
		{43651AC8-750F-4574-9890-A6697448A9B0}.Debug|Any CPU.Build.0 = Debug|Any CPU
		{43651AC8-750F-4574-9890-A6697448A9B0}.Release|Any CPU.ActiveCfg = Release|Any CPU
		{43651AC8-750F-4574-9890-A6697448A9B0}.Release|Any CPU.Build.0 = Release|Any CPU
		{5AED76F4-DC9E-41BB-AE0A-F29B53BA726A}.Debug|Any CPU.ActiveCfg = Debug|Any CPU
		{5AED76F4-DC9E-41BB-AE0A-F29B53BA726A}.Debug|Any CPU.Build.0 = Debug|Any CPU
		{5AED76F4-DC9E-41BB-AE0A-F29B53BA726A}.Release|Any CPU.ActiveCfg = Release|Any CPU
		{5AED76F4-DC9E-41BB-AE0A-F29B53BA726A}.Release|Any CPU.Build.0 = Release|Any CPU
	EndGlobalSection
	GlobalSection(SolutionProperties) = preSolution
		HideSolutionNode = FALSE
	EndGlobalSection
	GlobalSection(ExtensibilityGlobals) = postSolution
		SolutionGuid = {2BD70F6F-A14F-4148-9D86-24FF81936ED8}
	EndGlobalSection
EndGlobal
